
Microsoft Visual Studio Solution File, Format Version 12.00
# Visual Studio Version 17
VisualStudioVersion = 17.12.35527.113
MinimumVisualStudioVersion = 10.0.40219.1
Project("{FAE04EC0-301F-11D3-BF4B-00C04F79EFBC}") = "WPFCoreResearch", "WPFCoreResearch\WPFCoreResearch.csproj", "{1A66D085-1284-4D4B-B303-1CA1E96D5A39}"
EndProject
Project("{FAE04EC0-301F-11D3-BF4B-00C04F79EFBC}") = "CustomControls", "CustomControls\CustomControls.csproj", "{A928D427-1C61-4161-953A-AFABB8BB3431}"
EndProject
Global
	GlobalSection(SolutionConfigurationPlatforms) = preSolution
		Debug|Any CPU = Debug|Any CPU
		Release|Any CPU = Release|Any CPU
	EndGlobalSection
	GlobalSection(ProjectConfigurationPlatforms) = postSolution
		{1A66D085-1284-4D4B-B303-1CA1E96D5A39}.Debug|Any CPU.ActiveCfg = Debug|Any CPU
		{1A66D085-1284-4D4B-B303-1CA1E96D5A39}.Debug|Any CPU.Build.0 = Debug|Any CPU
		{1A66D085-1284-4D4B-B303-1CA1E96D5A39}.Release|Any CPU.ActiveCfg = Release|Any CPU
		{1A66D085-1284-4D4B-B303-1CA1E96D5A39}.Release|Any CPU.Build.0 = Release|Any CPU
		{A928D427-1C61-4161-953A-AFABB8BB3431}.Debug|Any CPU.ActiveCfg = Debug|Any CPU
		{A928D427-1C61-4161-953A-AFABB8BB3431}.Debug|Any CPU.Build.0 = Debug|Any CPU
		{A928D427-1C61-4161-953A-AFABB8BB3431}.Release|Any CPU.ActiveCfg = Release|Any CPU
		{A928D427-1C61-4161-953A-AFABB8BB3431}.Release|Any CPU.Build.0 = Release|Any CPU
	EndGlobalSection
	GlobalSection(SolutionProperties) = preSolution
		HideSolutionNode = FALSE
	EndGlobalSection
EndGlobal
